
Microsoft Visual Studio Solution File, Format Version 12.00
# Visual Studio 2015
Project("{FAE04EC0-301F-11D3-BF4B-00C04F79EFBC}") = "project-Descent.CSharp.Plugins", "project-Descent.CSharp.Plugins.csproj", "{523FE024-0990-D07F-8331-634D29884F71}"
EndProject
Project("{FAE04EC0-301F-11D3-BF4B-00C04F79EFBC}") = "project-Descent.CSharp", "project-Descent.CSharp.csproj", "{C4C91622-2B5B-1A98-C919-8406E97C8099}"
EndProject
Global
	GlobalSection(SolutionConfigurationPlatforms) = preSolution
		Debug|Any CPU = Debug|Any CPU
		Release|Any CPU = Release|Any CPU
	EndGlobalSection
	GlobalSection(ProjectConfigurationPlatforms) = postSolution
		{523FE024-0990-D07F-8331-634D29884F71}.Debug|Any CPU.ActiveCfg = Debug|Any CPU
		{523FE024-0990-D07F-8331-634D29884F71}.Debug|Any CPU.Build.0 = Debug|Any CPU
		{523FE024-0990-D07F-8331-634D29884F71}.Release|Any CPU.ActiveCfg = Release|Any CPU
		{523FE024-0990-D07F-8331-634D29884F71}.Release|Any CPU.Build.0 = Release|Any CPU
		{C4C91622-2B5B-1A98-C919-8406E97C8099}.Debug|Any CPU.ActiveCfg = Debug|Any CPU
		{C4C91622-2B5B-1A98-C919-8406E97C8099}.Debug|Any CPU.Build.0 = Debug|Any CPU
		{C4C91622-2B5B-1A98-C919-8406E97C8099}.Release|Any CPU.ActiveCfg = Release|Any CPU
		{C4C91622-2B5B-1A98-C919-8406E97C8099}.Release|Any CPU.Build.0 = Release|Any CPU
	EndGlobalSection
	GlobalSection(SolutionProperties) = preSolution
		HideSolutionNode = FALSE
	EndGlobalSection
EndGlobal
